{
    "_readme": [
        "This file locks the dependencies of your project to a known state",
        "Read more about it at https://getcomposer.org/doc/01-basic-usage.md#composer-lock-the-lock-file",
        "This file is @generated automatically"
    ],
    "content-hash": "de6316f8c3b6b9ed3e38e46838731e67",
    "packages": [
        {
            "name": "bolt/boltforms",
            "version": "dev-master",
            "source": {
                "type": "git",
                "url": "https://github.com/bolt/boltforms.git",
                "reference": "7a6378ccf184dd6852feb0284419e7a7893022f5"
            },
            "dist": {
                "type": "zip",
                "url": "https://api.github.com/repos/bolt/boltforms/zipball/7a6378ccf184dd6852feb0284419e7a7893022f5",
                "reference": "7a6378ccf184dd6852feb0284419e7a7893022f5",
                "shasum": ""
            },
            "require": {
                "bolt/bolt": "^3.0",
                "bolt/email-spooler": "^3.0",
                "google/recaptcha": "^1.1.2"
            },
            "require-dev": {
                "phpunit/phpunit": "^4.7"
            },
            "suggest": {
                "rossriley/formeditor": "A UI editor for form configuration."
            },
            "type": "bolt-extension",
            "extra": {
                "bolt-assets": "web",
                "bolt-class": "Bolt\\Extension\\Bolt\\BoltForms\\BoltFormsExtension",
                "bolt-icon": "icon-boltforms.png",
                "branch-alias": {
                    "dev-master": "4.0.x-dev"
                }
            },
            "autoload": {
                "psr-4": {
                    "Bolt\\Extension\\Bolt\\BoltForms\\": [
                        "src/"
                    ]
                },
                "classmap": [
                    "doc/example/"
                ]
            },
            "autoload-dev": {
                "psr-4": {
                    "Bolt\\Extension\\Bolt\\BoltForms\\Tests\\": "tests/",
                    "Bolt\\Tests\\": "vendor/bolt/bolt/tests/phpunit/unit/"
                }
            },
            "license": [
                "GPL-3.0+",
                "LGPL-3.0+"
            ],
            "authors": [
                {
                    "name": "Gawain Lynch",
                    "email": "gawain.lynch@gmail.com"
                }
            ],
            "description": "Powerful and flexible HTML form generator for Bolt based on Symfony Forms",
            "keywords": [
                "comments",
                "contact",
                "forms",
                "reCaptcha",
                "uploads"
            ],
            "support": {
                "source": "https://github.com/bolt/boltforms/tree/master",
                "issues": "https://github.com/bolt/boltforms/issues"
            },
            "time": "2017-01-06 13:22:38"
        },
        {
            "name": "bolt/email-spooler",
            "version": "v3.0.3",
            "source": {
                "type": "git",
                "url": "https://github.com/GawainLynch/bolt-extension-email-spooler.git",
                "reference": "e9f338c572f9aeb3f16162bd60f8877c75b6e09d"
            },
            "dist": {
                "type": "zip",
                "url": "https://api.github.com/repos/GawainLynch/bolt-extension-email-spooler/zipball/e9f338c572f9aeb3f16162bd60f8877c75b6e09d",
                "reference": "e9f338c572f9aeb3f16162bd60f8877c75b6e09d",
                "shasum": ""
            },
            "require": {
                "bolt/bolt": "^3.0",
                "php": ">=5.5.9"
            },
            "type": "bolt-extension",
            "extra": {
                "bolt-class": "Bolt\\Extension\\Bolt\\EmailSpooler\\EmailSpoolerExtension",
                "branch-alias": {
                    "dev-master": "3.0.x-dev"
                }
            },
            "autoload": {
                "psr-4": {
                    "Bolt\\Extension\\Bolt\\EmailSpooler\\": "src"
                }
            },
            "license": [
                "MIT"
            ],
            "authors": [
                {
                    "name": "Gawain Lynch",
                    "email": "gawain.lynch@gmail.com"
                }
            ],
            "keywords": [
                "email",
                "spool"
            ],
            "support": {
                "source": "https://github.com/GawainLynch/bolt-extension-email-spooler/tree/master",
                "issues": "https://github.com/GawainLynch/bolt-extension-email-spooler/issues"
            },
            "time": "2016-09-16T15:11:09+00:00"
        },
        {
            "name": "bolt/github",
            "version": "dev-master",
            "source": {
                "type": "git",
                "url": "https://github.com/GawainLynch/bolt-extension-github.git",
                "reference": "f32cd3e51b412936bf5231e58ae384fba85eb0ec"
            },
            "dist": {
                "type": "zip",
                "url": "https://api.github.com/repos/GawainLynch/bolt-extension-github/zipball/f32cd3e51b412936bf5231e58ae384fba85eb0ec",
                "reference": "f32cd3e51b412936bf5231e58ae384fba85eb0ec",
                "shasum": ""
            },
            "require": {
                "bolt/bolt": "^3.0",
                "ext-curl": "*",
                "knplabs/github-api": "^1.6"
            },
            "provide": {
                "symfony/event-dispatcher": "2.8"
            },
            "type": "bolt-extension",
            "extra": {
                "bolt-class": "Bolt\\Extension\\Bolt\\GitHub\\GitHubExtension",
                "bolt-icon": "icon.png",
                "branch-alias": {
                    "dev-master": "3.0.x-dev"
                }
            },
            "autoload": {
                "psr-4": {
                    "Bolt\\Extension\\Bolt\\GitHub\\": "src"
                }
            },
            "license": [
                "GPL-3.0+"
            ],
            "authors": [
                {
                    "name": "Gawain Lynch",
                    "email": "gawain.lynch@gmail.com"
                }
            ],
            "description": "GitHub API interface for Bolt",
            "keywords": [
                "API",
                "GitHub",
                "Webhooks"
            ],
            "support": {
                "source": "https://github.com/GawainLynch/bolt-extension-github/tree/master",
                "issues": "https://github.com/GawainLynch/bolt-extension-github/issues"
            },
            "time": "2016-07-14 05:15:19"
        },
        {
            "name": "bolt/marketplace",
            "version": "dev-master",
            "source": {
                "type": "git",
                "url": "https://github.com/bolt/marketplace-core.git",
                "reference": "87d2421705b30d44f339ea0bca90cc21eba1d06b"
            },
            "require": {
                "bolt/bolt": "^3.0",
                "php": "^7.0"
            },
            "require-dev": {
                "phpunit/phpunit": "^4.7"
            },
            "type": "bolt-extension",
            "extra": {
                "bolt-assets": "web",
                "bolt-class": "Bolt\\Extension\\Bolt\\MarketPlace\\MarketPlaceExtension"
            },
            "autoload": {
                "psr-4": {
                    "Bolt\\Extension\\Bolt\\MarketPlace\\": "src"
                }
            },
            "autoload-dev": {
                "psr-4": []
            },
            "license": [
                "MIT"
            ],
            "authors": [
                {
                    "name": "Ross Riley",
                    "email": "riley.ross@gmail.com"
                },
                {
                    "name": "Gawain Lynch",
                    "email": "gawain.lynch@gmail.com"
                }
            ],
            "description": "Bolt Market Place core functionality",
            "keywords": [
                "composer",
                "satis"
            ],
            "time": "2016-07-23 06:55:38"
        },
        {
            "name": "bolt/members",
            "version": "v3.0.0-beta3",
            "source": {
                "type": "git",
                "url": "https://github.com/bolt/Members.git",
                "reference": "18b794a55577383aa92598dbf6e71e32f0dfc656"
            },
            "dist": {
                "type": "zip",
                "url": "https://api.github.com/repos/bolt/Members/zipball/18b794a55577383aa92598dbf6e71e32f0dfc656",
                "reference": "18b794a55577383aa92598dbf6e71e32f0dfc656",
                "shasum": ""
            },
            "require": {
                "bolt/bolt": "^3.2",
                "bolt/email-spooler": "^3.0",
                "pagerfanta/pagerfanta": "^1.0",
                "php": ">=5.5.9",
                "ramsey/uuid": "^3.1"
            },
            "require-dev": {
                "phpunit/phpunit": "^4.7"
            },
            "type": "bolt-extension",
            "extra": {
                "bolt-assets": "web",
                "bolt-class": "Bolt\\Extension\\Bolt\\Members\\MembersExtension",
                "bolt-icon": "icon.png",
                "branch-alias": {
                    "dev-master": "3.0.x-dev"
                }
            },
            "autoload": {
                "psr-4": {
                    "Bolt\\Extension\\Bolt\\Members\\": "src",
                    "League\\OAuth2\\Client\\": "lib/League/OAuth2/Client/",
                    "Stevenmaguire\\OAuth2\\Client\\": "lib/League/OAuth2/Client/"
                }
            },
            "autoload-dev": {
                "psr-4": {
                    "Bolt\\Extension\\Bolt\\Members\\Tests\\": "tests",
                    "Bolt\\Tests\\": "vendor/bolt/bolt/tests/phpunit/unit/"
                }
            },
            "license": [
                "MIT"
            ],
            "authors": [
                {
                    "name": "Gawain Lynch",
                    "email": "gawain.lynch@gmail.com"
                }
            ],
            "description": "Membership creation and management for Bolt",
            "keywords": [
                "Facebook",
                "GitHub",
                "Google",
                "login",
                "membership",
                "oauth",
                "profiles"
            ],
            "support": {
                "source": "https://github.com/bolt/Members/tree/master",
                "issues": "https://github.com/bolt/Members/issues"
            },
            "time": "2017-01-06T16:16:58+00:00"
        },
        {
            "name": "google/recaptcha",
            "version": "1.1.2",
            "source": {
                "type": "git",
                "url": "https://github.com/google/recaptcha.git",
                "reference": "2b7e00566afca82a38a1d3adb8e42c118006296e"
            },
            "dist": {
                "type": "zip",
                "url": "https://api.github.com/repos/google/recaptcha/zipball/2b7e00566afca82a38a1d3adb8e42c118006296e",
                "reference": "2b7e00566afca82a38a1d3adb8e42c118006296e",
                "shasum": ""
            },
            "require": {
                "php": ">=5.3.2"
            },
            "require-dev": {
                "phpunit/phpunit": "4.5.*"
            },
            "type": "library",
            "extra": {
                "branch-alias": {
                    "dev-master": "1.1.x-dev"
                }
            },
            "autoload": {
                "psr-4": {
                    "ReCaptcha\\": "src/ReCaptcha"
                }
            },
            "license": [
                "BSD-3-Clause"
            ],
            "description": "Client library for reCAPTCHA, a free service that protect websites from spam and abuse.",
            "homepage": "http://www.google.com/recaptcha/",
            "keywords": [
                "abuse",
                "captcha",
                "recaptcha",
                "spam"
            ],
            "support": {
                "forum": "https://groups.google.com/forum/#!forum/recaptcha",
                "source": "https://github.com/google/recaptcha",
                "issues": "https://github.com/google/recaptcha/issues"
            },
            "time": "2015-09-02T17:23:59+00:00"
        },
        {
            "name": "guzzle/guzzle",
            "version": "v3.9.3",
            "source": {
                "type": "git",
                "url": "https://github.com/guzzle/guzzle3.git",
                "reference": "0645b70d953bc1c067bbc8d5bc53194706b628d9"
            },
            "dist": {
                "type": "zip",
                "url": "https://api.github.com/repos/guzzle/guzzle3/zipball/0645b70d953bc1c067bbc8d5bc53194706b628d9",
                "reference": "0645b70d953bc1c067bbc8d5bc53194706b628d9",
                "shasum": ""
            },
            "require": {
                "ext-curl": "*",
                "php": ">=5.3.3",
                "symfony/event-dispatcher": "~2.1"
            },
            "replace": {
                "guzzle/batch": "self.version",
                "guzzle/cache": "self.version",
                "guzzle/common": "self.version",
                "guzzle/http": "self.version",
                "guzzle/inflection": "self.version",
                "guzzle/iterator": "self.version",
                "guzzle/log": "self.version",
                "guzzle/parser": "self.version",
                "guzzle/plugin": "self.version",
                "guzzle/plugin-async": "self.version",
                "guzzle/plugin-backoff": "self.version",
                "guzzle/plugin-cache": "self.version",
                "guzzle/plugin-cookie": "self.version",
                "guzzle/plugin-curlauth": "self.version",
                "guzzle/plugin-error-response": "self.version",
                "guzzle/plugin-history": "self.version",
                "guzzle/plugin-log": "self.version",
                "guzzle/plugin-md5": "self.version",
                "guzzle/plugin-mock": "self.version",
                "guzzle/plugin-oauth": "self.version",
                "guzzle/service": "self.version",
                "guzzle/stream": "self.version"
            },
            "require-dev": {
                "doctrine/cache": "~1.3",
                "monolog/monolog": "~1.0",
                "phpunit/phpunit": "3.7.*",
                "psr/log": "~1.0",
                "symfony/class-loader": "~2.1",
                "zendframework/zend-cache": "2.*,<2.3",
                "zendframework/zend-log": "2.*,<2.3"
            },
            "suggest": {
                "guzzlehttp/guzzle": "Guzzle 5 has moved to a new package name. The package you have installed, Guzzle 3, is deprecated."
            },
            "type": "library",
            "extra": {
                "branch-alias": {
                    "dev-master": "3.9-dev"
                }
            },
            "autoload": {
                "psr-0": {
                    "Guzzle": "src/",
                    "Guzzle\\Tests": "tests/"
                }
            },
            "scripts": {
                "test": [
                    "phpunit"
                ]
            },
            "license": [
                "MIT"
            ],
            "authors": [
                {
                    "name": "Michael Dowling",
                    "email": "mtdowling@gmail.com",
                    "homepage": "https://github.com/mtdowling"
                },
                {
                    "name": "Guzzle Community",
                    "homepage": "https://github.com/guzzle/guzzle/contributors"
                }
            ],
            "description": "PHP HTTP client. This library is deprecated in favor of https://packagist.org/packages/guzzlehttp/guzzle",
            "homepage": "http://guzzlephp.org/",
            "keywords": [
                "HTTP client",
                "client",
                "curl",
                "framework",
                "http",
                "rest",
                "web service"
            ],
            "support": {
                "source": "https://github.com/guzzle/guzzle3/tree/v3.9.3",
                "issues": "https://github.com/guzzle/guzzle3/issues"
            },
            "time": "2015-03-18T18:23:50+00:00"
        },
        {
            "name": "knplabs/github-api",
            "version": "1.7.1",
            "source": {
                "type": "git",
                "url": "https://github.com/KnpLabs/php-github-api.git",
                "reference": "98d0bcd2c4c96a40ded9081f8f6289907f73823c"
            },
            "dist": {
                "type": "zip",
                "url": "https://api.github.com/repos/KnpLabs/php-github-api/zipball/98d0bcd2c4c96a40ded9081f8f6289907f73823c",
                "reference": "98d0bcd2c4c96a40ded9081f8f6289907f73823c",
                "shasum": ""
            },
            "require": {
                "ext-curl": "*",
                "guzzle/guzzle": "~3.7",
                "php": ">=5.3.2"
            },
            "require-dev": {
                "phpunit/phpunit": "~4.0",
                "sllh/php-cs-fixer-styleci-bridge": "~1.3"
            },
            "suggest": {
                "knplabs/gaufrette": "Needed for optional Gaufrette cache"
            },
            "type": "library",
            "extra": {
                "branch-alias": {
                    "dev-master": "1.8.x-dev"
                }
            },
            "autoload": {
                "psr-4": {
                    "Github\\": "lib/Github/"
                }
            },
            "license": [
                "MIT"
            ],
            "authors": [
                {
                    "name": "KnpLabs Team",
                    "homepage": "http://knplabs.com"
                },
                {
                    "name": "Thibault Duplessis",
                    "email": "thibault.duplessis@gmail.com",
                    "homepage": "http://ornicar.github.com"
                }
            ],
            "description": "GitHub API v3 client",
            "homepage": "https://github.com/KnpLabs/php-github-api",
            "keywords": [
                "api",
                "gh",
                "gist",
                "github"
            ],
            "support": {
                "source": "https://github.com/KnpLabs/php-github-api/tree/master",
                "issues": "https://github.com/KnpLabs/php-github-api/issues"
            },
            "time": "2016-07-26T08:49:38+00:00"
        },
        {
            "name": "pagerfanta/pagerfanta",
            "version": "v1.0.4",
            "source": {
                "type": "git",
                "url": "https://github.com/whiteoctober/Pagerfanta.git",
                "reference": "f846c5e06bb66df659a688ea4734aab49de589d6"
            },
            "dist": {
                "type": "zip",
                "url": "https://api.github.com/repos/whiteoctober/Pagerfanta/zipball/f846c5e06bb66df659a688ea4734aab49de589d6",
                "reference": "f846c5e06bb66df659a688ea4734aab49de589d6",
                "shasum": ""
            },
            "require": {
                "php": ">=5.3.0"
            },
            "require-dev": {
                "doctrine/orm": "~2.3",
                "doctrine/phpcr-odm": "1.*",
                "jackalope/jackalope-doctrine-dbal": "1.*",
                "jmikola/geojson": "~1.0",
                "mandango/mandango": "~1.0@dev",
                "mandango/mondator": "~1.0@dev",
                "phpunit/phpunit": "~4 | ~5",
                "propel/propel1": "~1.6",
                "ruflin/elastica": "~1.3",
                "solarium/solarium": "~3.1"
            },
            "suggest": {
                "doctrine/mongodb-odm": "To use the DoctrineODMMongoDBAdapter.",
                "doctrine/orm": "To use the DoctrineORMAdapter.",
                "doctrine/phpcr-odm": "To use the DoctrineODMPhpcrAdapter. >= 1.1.0",
                "mandango/mandango": "To use the MandangoAdapter.",
                "propel/propel1": "To use the PropelAdapter",
                "solarium/solarium": "To use the SolariumAdapter."
            },
            "type": "library",
            "extra": {
                "branch-alias": {
                    "dev-master": "1.0.x-dev"
                }
            },
            "autoload": {
                "psr-0": {
                    "Pagerfanta\\": "src/"
                }
            },
            "license": [
                "MIT"
            ],
            "authors": [
                {
                    "name": "Pablo Díez",
                    "email": "pablodip@gmail.com"
                }
            ],
            "description": "Pagination for PHP 5.3",
            "keywords": [
                "page",
                "pagination",
                "paginator",
                "paging"
            ],
            "support": {
                "source": "https://github.com/whiteoctober/Pagerfanta/tree/master",
                "issues": "https://github.com/whiteoctober/Pagerfanta/issues"
            },
            "time": "2016-11-28T09:17:04+00:00"
        },
        {
            "name": "paragonie/random_compat",
            "version": "v2.0.4",
            "source": {
                "type": "git",
                "url": "https://github.com/paragonie/random_compat.git",
                "reference": "a9b97968bcde1c4de2a5ec6cbd06a0f6c919b46e"
            },
            "dist": {
                "type": "zip",
                "url": "https://api.github.com/repos/paragonie/random_compat/zipball/a9b97968bcde1c4de2a5ec6cbd06a0f6c919b46e",
                "reference": "a9b97968bcde1c4de2a5ec6cbd06a0f6c919b46e",
                "shasum": ""
            },
            "require": {
                "php": ">=5.2.0"
            },
            "require-dev": {
                "phpunit/phpunit": "4.*|5.*"
            },
            "suggest": {
                "ext-libsodium": "Provides a modern crypto API that can be used to generate random bytes."
            },
            "type": "library",
            "autoload": {
                "files": [
                    "lib/random.php"
                ]
            },
            "license": [
                "MIT"
            ],
            "authors": [
                {
                    "name": "Paragon Initiative Enterprises",
                    "email": "security@paragonie.com",
                    "homepage": "https://paragonie.com"
                }
            ],
            "description": "PHP 5.x polyfill for random_bytes() and random_int() from PHP 7",
            "keywords": [
                "csprng",
                "pseudorandom",
                "random"
            ],
            "support": {
                "issues": "https://github.com/paragonie/random_compat/issues",
                "email": "info@paragonie.com",
                "source": "https://github.com/paragonie/random_compat"
            },
            "time": "2016-11-07T23:38:38+00:00"
        },
        {
            "name": "ramsey/uuid",
            "version": "3.5.2",
            "source": {
                "type": "git",
                "url": "https://github.com/ramsey/uuid.git",
                "reference": "5677cfe02397dd6b58c861870dfaa5d9007d3954"
            },
            "dist": {
                "type": "zip",
                "url": "https://api.github.com/repos/ramsey/uuid/zipball/5677cfe02397dd6b58c861870dfaa5d9007d3954",
                "reference": "5677cfe02397dd6b58c861870dfaa5d9007d3954",
                "shasum": ""
            },
            "require": {
                "paragonie/random_compat": "^1.0|^2.0",
                "php": ">=5.4"
            },
            "replace": {
                "rhumsaa/uuid": "self.version"
            },
            "require-dev": {
                "apigen/apigen": "^4.1",
                "codeception/aspect-mock": "1.0.0",
                "doctrine/annotations": "~1.2.0",
                "goaop/framework": "1.0.0-alpha.2",
                "ircmaxell/random-lib": "^1.1",
                "jakub-onderka/php-parallel-lint": "^0.9.0",
                "mockery/mockery": "^0.9.4",
                "moontoast/math": "^1.1",
                "php-mock/php-mock-phpunit": "^0.3|^1.1",
                "phpunit/phpunit": "^4.7|>=5.0 <5.4",
                "satooshi/php-coveralls": "^0.6.1",
                "squizlabs/php_codesniffer": "^2.3"
            },
            "suggest": {
                "ext-libsodium": "Provides the PECL libsodium extension for use with the SodiumRandomGenerator",
                "ext-uuid": "Provides the PECL UUID extension for use with the PeclUuidTimeGenerator and PeclUuidRandomGenerator",
                "ircmaxell/random-lib": "Provides RandomLib for use with the RandomLibAdapter",
                "moontoast/math": "Provides support for converting UUID to 128-bit integer (in string form).",
                "ramsey/uuid-console": "A console application for generating UUIDs with ramsey/uuid",
                "ramsey/uuid-doctrine": "Allows the use of Ramsey\\Uuid\\Uuid as Doctrine field type."
            },
            "type": "library",
            "extra": {
                "branch-alias": {
                    "dev-master": "3.x-dev"
                }
            },
            "autoload": {
                "psr-4": {
                    "Ramsey\\Uuid\\": "src/"
                }
            },
            "autoload-dev": {
                "psr-4": {
                    "Ramsey\\Uuid\\Test\\": "tests/"
                }
            },
            "license": [
                "MIT"
            ],
            "authors": [
                {
                    "name": "Ben Ramsey",
                    "email": "ben@benramsey.com",
                    "homepage": "https://benramsey.com"
                },
                {
                    "name": "Marijn Huizendveld",
                    "email": "marijn.huizendveld@gmail.com"
                },
                {
                    "name": "Thibaud Fabre",
                    "email": "thibaud@aztech.io"
                }
            ],
            "description": "Formerly rhumsaa/uuid. A PHP 5.4+ library for generating RFC 4122 version 1, 3, 4, and 5 universally unique identifiers (UUID).",
            "homepage": "https://github.com/ramsey/uuid",
            "keywords": [
                "guid",
                "identifier",
                "uuid"
            ],
            "support": {
                "issues": "https://github.com/ramsey/uuid/issues",
                "source": "https://github.com/ramsey/uuid"
            },
            "time": "2016-11-22T19:21:44+00:00"
        }
    ],
    "packages-dev": [],
    "aliases": [],
    "minimum-stability": "stable",
    "stability-flags": {
        "bolt/boltforms": 20,
        "bolt/github": 20,
        "bolt/marketplace": 20,
        "bolt/members": 20
    },
    "prefer-stable": true,
    "prefer-lowest": false,
    "platform": [],
    "platform-dev": []
}
