{
    "_readme": [
        "This file locks the dependencies of your project to a known state",
        "Read more about it at https://getcomposer.org/doc/01-basic-usage.md#composer-lock-the-lock-file",
        "This file is @generated automatically"
    ],
    "content-hash": "108d9314931210a21e4105ad90517e1d",
    "packages": [
        {
            "name": "bolt/boltforms",
            "version": "4.0.0-beta2",
            "source": {
                "type": "git",
                "url": "https://github.com/bolt/boltforms.git",
                "reference": "8d2169c112129f673f0346b7d338837264175116"
            },
            "dist": {
                "type": "zip",
                "url": "https://api.github.com/repos/bolt/boltforms/zipball/8d2169c112129f673f0346b7d338837264175116",
                "reference": "8d2169c112129f673f0346b7d338837264175116",
                "shasum": ""
            },
            "require": {
                "bolt/bolt": "^3.0",
                "bolt/email-spooler": "^3.0",
                "google/recaptcha": "^1.1.2"
            },
            "require-dev": {
                "phpunit/phpunit": "^4.7"
            },
            "suggest": {
                "rossriley/formeditor": "A UI editor for form configuration."
            },
            "type": "bolt-extension",
            "extra": {
                "bolt-assets": "web",
                "bolt-class": "Bolt\\Extension\\Bolt\\BoltForms\\BoltFormsExtension",
                "bolt-icon": "icon-boltforms.png",
                "branch-alias": {
                    "dev-4.0": "4.0.x-dev"
                }
            },
            "autoload": {
                "psr-4": {
                    "Bolt\\Extension\\Bolt\\BoltForms\\": [
                        "src/"
                    ]
                },
                "classmap": [
                    "doc/example/"
                ]
            },
            "autoload-dev": {
                "psr-4": {
                    "Bolt\\Extension\\Bolt\\BoltForms\\Tests\\": "tests/",
                    "Bolt\\Tests\\": "vendor/bolt/bolt/tests/phpunit/unit/"
                }
            },
            "license": [
                "GPL-3.0+",
                "LGPL-3.0+"
            ],
            "authors": [
                {
                    "name": "Gawain Lynch",
                    "email": "gawain.lynch@gmail.com"
                }
            ],
            "description": "Powerful and flexible HTML form generator for Bolt based on Symfony Forms",
            "keywords": [
                "comments",
                "contact",
                "forms",
                "reCaptcha",
                "uploads"
            ],
            "support": {
                "source": "https://github.com/bolt/boltforms/tree/4.0",
                "issues": "https://github.com/bolt/boltforms/issues"
            },
            "time": "2017-03-20T15:24:51+00:00"
        },
        {
            "name": "bolt/email-spooler",
            "version": "v3.1.0",
            "source": {
                "type": "git",
                "url": "https://github.com/bolt/bolt-extension-email-spooler.git",
                "reference": "3f2fa17f4072e413e0fca4ab6b70cd440d4c3f3c"
            },
            "dist": {
                "type": "zip",
                "url": "https://api.github.com/repos/bolt/bolt-extension-email-spooler/zipball/3f2fa17f4072e413e0fca4ab6b70cd440d4c3f3c",
                "reference": "3f2fa17f4072e413e0fca4ab6b70cd440d4c3f3c",
                "shasum": ""
            },
            "require": {
                "bolt/bolt": "^3.3",
                "php": ">=5.5.9"
            },
            "type": "bolt-extension",
            "extra": {
                "bolt-class": "Bolt\\Extension\\Bolt\\EmailSpooler\\EmailSpoolerExtension",
                "branch-alias": {
                    "dev-master": "3.1.x-dev"
                }
            },
            "autoload": {
                "psr-4": {
                    "Bolt\\Extension\\Bolt\\EmailSpooler\\": "src"
                }
            },
            "license": [
                "MIT"
            ],
            "authors": [
                {
                    "name": "Gawain Lynch",
                    "email": "gawain.lynch@gmail.com"
                }
            ],
            "keywords": [
                "email",
                "spool"
            ],
            "support": {
                "source": "https://github.com/bolt/bolt-extension-email-spooler/tree/master"
            },
            "time": "2017-04-27T10:11:16+00:00"
        },
        {
            "name": "bolt/github",
            "version": "v3.1.0",
            "source": {
                "type": "git",
                "url": "https://github.com/bolt/bolt-extension-github.git",
                "reference": "ee4ed5a476aaf2d3e51a453f5d5bf1b0c3efa358"
            },
            "dist": {
                "type": "zip",
                "url": "https://api.github.com/repos/bolt/bolt-extension-github/zipball/ee4ed5a476aaf2d3e51a453f5d5bf1b0c3efa358",
                "reference": "ee4ed5a476aaf2d3e51a453f5d5bf1b0c3efa358",
                "shasum": ""
            },
            "require": {
                "bolt/bolt": "^3.3",
                "ext-curl": "*",
                "knplabs/github-api": "^1.6"
            },
            "provide": {
                "symfony/event-dispatcher": "2.8"
            },
            "type": "bolt-extension",
            "extra": {
                "bolt-class": "Bolt\\Extension\\Bolt\\GitHub\\GitHubExtension",
                "bolt-icon": "icon.png",
                "branch-alias": {
                    "dev-master": "3.1.x-dev"
                }
            },
            "autoload": {
                "psr-4": {
                    "Bolt\\Extension\\Bolt\\GitHub\\": "src"
                }
            },
            "license": [
                "GPL-3.0+"
            ],
            "authors": [
                {
                    "name": "Gawain Lynch",
                    "email": "gawain.lynch@gmail.com"
                }
            ],
            "description": "GitHub API interface for Bolt",
            "keywords": [
                "API",
                "GitHub",
                "Webhooks"
            ],
            "support": {
                "source": "https://github.com/GawainLynch/bolt-extension-github/tree/v3.1.0"
            },
            "time": "2017-02-15T01:17:10+00:00"
        },
        {
            "name": "bolt/marketplace",
            "version": "1.1.3",
            "source": {
                "type": "git",
                "url": "https://github.com/bolt/marketplace-core.git",
                "reference": "81c1fcc7774fcf95a05d9534501efb1d1d765bf2"
            },
            "require": {
                "bolt/bolt": "^3.3",
                "php": "^7.0"
            },
            "require-dev": {
                "phpunit/phpunit": "^4.7"
            },
            "type": "bolt-extension",
            "extra": {
                "bolt-assets": "web",
                "bolt-class": "Bolt\\Extension\\Bolt\\MarketPlace\\MarketPlaceExtension"
            },
            "autoload": {
                "psr-4": {
                    "Bolt\\Extension\\Bolt\\MarketPlace\\": "src"
                }
            },
            "autoload-dev": {
                "psr-4": []
            },
            "license": [
                "MIT"
            ],
            "authors": [
                {
                    "name": "Ross Riley",
                    "email": "riley.ross@gmail.com"
                },
                {
                    "name": "Gawain Lynch",
                    "email": "gawain.lynch@gmail.com"
                }
            ],
            "description": "Bolt Market Place core functionality",
            "keywords": [
                "composer",
                "satis"
            ],
            "time": "2017-05-04T08:33:55+00:00"
        },
        {
            "name": "bolt/members",
            "version": "v3.0.0-beta8",
            "source": {
                "type": "git",
                "url": "https://github.com/bolt/Members.git",
                "reference": "f56b95e45be6959571ee9fc63e8b973fb4557997"
            },
            "dist": {
                "type": "zip",
                "url": "https://api.github.com/repos/bolt/Members/zipball/f56b95e45be6959571ee9fc63e8b973fb4557997",
                "reference": "f56b95e45be6959571ee9fc63e8b973fb4557997",
                "shasum": ""
            },
            "require": {
                "bolt/bolt": "^3.2",
                "bolt/email-spooler": "^3.0",
                "pagerfanta/pagerfanta": "^1.0",
                "php": ">=5.5.9",
                "ramsey/uuid": "^3.1"
            },
            "require-dev": {
                "phpunit/phpunit": "^4.7"
            },
            "type": "bolt-extension",
            "extra": {
                "bolt-assets": "web",
                "bolt-class": "Bolt\\Extension\\Bolt\\Members\\MembersExtension",
                "bolt-icon": "icon.png",
                "branch-alias": {
                    "dev-master": "3.0.x-dev"
                }
            },
            "autoload": {
                "psr-4": {
                    "Bolt\\Extension\\Bolt\\Members\\": "src",
                    "League\\OAuth2\\Client\\": "lib/League/OAuth2/Client/",
                    "Stevenmaguire\\OAuth2\\Client\\": "lib/League/OAuth2/Client/"
                }
            },
            "autoload-dev": {
                "psr-4": {
                    "Bolt\\Extension\\Bolt\\Members\\Tests\\": "tests",
                    "Bolt\\Tests\\": "vendor/bolt/bolt/tests/phpunit/unit/"
                }
            },
            "license": [
                "MIT"
            ],
            "authors": [
                {
                    "name": "Gawain Lynch",
                    "email": "gawain.lynch@gmail.com"
                }
            ],
            "description": "Membership creation and management for Bolt",
            "keywords": [
                "Facebook",
                "GitHub",
                "Google",
                "login",
                "membership",
                "oauth",
                "profiles"
            ],
            "support": {
                "source": "https://github.com/bolt/Members/tree/master"
            },
            "time": "2017-02-14T11:32:43+00:00"
        },
        {
            "name": "google/recaptcha",
            "version": "1.1.3",
            "source": {
                "type": "git",
                "url": "https://github.com/google/recaptcha.git",
                "reference": "5a56d15ca10a7b75158178752b2ad8f755eb4f78"
            },
            "dist": {
                "type": "zip",
                "url": "https://api.github.com/repos/google/recaptcha/zipball/5a56d15ca10a7b75158178752b2ad8f755eb4f78",
                "reference": "5a56d15ca10a7b75158178752b2ad8f755eb4f78",
                "shasum": ""
            },
            "require": {
                "php": ">=5.5"
            },
            "require-dev": {
                "phpunit/phpunit": "^4.8"
            },
            "type": "library",
            "extra": {
                "branch-alias": {
                    "dev-master": "1.1.x-dev"
                }
            },
            "autoload": {
                "psr-4": {
                    "ReCaptcha\\": "src/ReCaptcha"
                }
            },
            "license": [
                "BSD-3-Clause"
            ],
            "description": "Client library for reCAPTCHA, a free service that protect websites from spam and abuse.",
            "homepage": "http://www.google.com/recaptcha/",
            "keywords": [
                "abuse",
                "captcha",
                "recaptcha",
                "spam"
            ],
            "support": {
                "forum": "https://groups.google.com/forum/#!forum/recaptcha",
                "source": "https://github.com/google/recaptcha",
                "issues": "https://github.com/google/recaptcha/issues"
            },
            "time": "2017-03-09T18:44:34+00:00"
        },
        {
            "name": "guzzle/guzzle",
            "version": "v3.9.3",
            "source": {
                "type": "git",
                "url": "https://github.com/guzzle/guzzle3.git",
                "reference": "0645b70d953bc1c067bbc8d5bc53194706b628d9"
            },
            "dist": {
                "type": "zip",
                "url": "https://api.github.com/repos/guzzle/guzzle3/zipball/0645b70d953bc1c067bbc8d5bc53194706b628d9",
                "reference": "0645b70d953bc1c067bbc8d5bc53194706b628d9",
                "shasum": ""
            },
            "require": {
                "ext-curl": "*",
                "php": ">=5.3.3",
                "symfony/event-dispatcher": "~2.1"
            },
            "replace": {
                "guzzle/batch": "self.version",
                "guzzle/cache": "self.version",
                "guzzle/common": "self.version",
                "guzzle/http": "self.version",
                "guzzle/inflection": "self.version",
                "guzzle/iterator": "self.version",
                "guzzle/log": "self.version",
                "guzzle/parser": "self.version",
                "guzzle/plugin": "self.version",
                "guzzle/plugin-async": "self.version",
                "guzzle/plugin-backoff": "self.version",
                "guzzle/plugin-cache": "self.version",
                "guzzle/plugin-cookie": "self.version",
                "guzzle/plugin-curlauth": "self.version",
                "guzzle/plugin-error-response": "self.version",
                "guzzle/plugin-history": "self.version",
                "guzzle/plugin-log": "self.version",
                "guzzle/plugin-md5": "self.version",
                "guzzle/plugin-mock": "self.version",
                "guzzle/plugin-oauth": "self.version",
                "guzzle/service": "self.version",
                "guzzle/stream": "self.version"
            },
            "require-dev": {
                "doctrine/cache": "~1.3",
                "monolog/monolog": "~1.0",
                "phpunit/phpunit": "3.7.*",
                "psr/log": "~1.0",
                "symfony/class-loader": "~2.1",
                "zendframework/zend-cache": "2.*,<2.3",
                "zendframework/zend-log": "2.*,<2.3"
            },
            "suggest": {
                "guzzlehttp/guzzle": "Guzzle 5 has moved to a new package name. The package you have installed, Guzzle 3, is deprecated."
            },
            "type": "library",
            "extra": {
                "branch-alias": {
                    "dev-master": "3.9-dev"
                }
            },
            "autoload": {
                "psr-0": {
                    "Guzzle": "src/",
                    "Guzzle\\Tests": "tests/"
                }
            },
            "scripts": {
                "test": [
                    "phpunit"
                ]
            },
            "license": [
                "MIT"
            ],
            "authors": [
                {
                    "name": "Michael Dowling",
                    "email": "mtdowling@gmail.com",
                    "homepage": "https://github.com/mtdowling"
                },
                {
                    "name": "Guzzle Community",
                    "homepage": "https://github.com/guzzle/guzzle/contributors"
                }
            ],
            "description": "PHP HTTP client. This library is deprecated in favor of https://packagist.org/packages/guzzlehttp/guzzle",
            "homepage": "http://guzzlephp.org/",
            "keywords": [
                "HTTP client",
                "client",
                "curl",
                "framework",
                "http",
                "rest",
                "web service"
            ],
            "support": {
                "source": "https://github.com/guzzle/guzzle3/tree/v3.9.3",
                "issues": "https://github.com/guzzle/guzzle3/issues"
            },
            "time": "2015-03-18T18:23:50+00:00"
        },
        {
            "name": "knplabs/github-api",
            "version": "1.7.1",
            "source": {
                "type": "git",
                "url": "https://github.com/KnpLabs/php-github-api.git",
                "reference": "98d0bcd2c4c96a40ded9081f8f6289907f73823c"
            },
            "dist": {
                "type": "zip",
                "url": "https://api.github.com/repos/KnpLabs/php-github-api/zipball/98d0bcd2c4c96a40ded9081f8f6289907f73823c",
                "reference": "98d0bcd2c4c96a40ded9081f8f6289907f73823c",
                "shasum": ""
            },
            "require": {
                "ext-curl": "*",
                "guzzle/guzzle": "~3.7",
                "php": ">=5.3.2"
            },
            "require-dev": {
                "phpunit/phpunit": "~4.0",
                "sllh/php-cs-fixer-styleci-bridge": "~1.3"
            },
            "suggest": {
                "knplabs/gaufrette": "Needed for optional Gaufrette cache"
            },
            "type": "library",
            "extra": {
                "branch-alias": {
                    "dev-master": "1.8.x-dev"
                }
            },
            "autoload": {
                "psr-4": {
                    "Github\\": "lib/Github/"
                }
            },
            "license": [
                "MIT"
            ],
            "authors": [
                {
                    "name": "KnpLabs Team",
                    "homepage": "http://knplabs.com"
                },
                {
                    "name": "Thibault Duplessis",
                    "email": "thibault.duplessis@gmail.com",
                    "homepage": "http://ornicar.github.com"
                }
            ],
            "description": "GitHub API v3 client",
            "homepage": "https://github.com/KnpLabs/php-github-api",
            "keywords": [
                "api",
                "gh",
                "gist",
                "github"
            ],
            "support": {
                "source": "https://github.com/KnpLabs/php-github-api/tree/master",
                "issues": "https://github.com/KnpLabs/php-github-api/issues"
            },
            "time": "2016-07-26T08:49:38+00:00"
        },
        {
            "name": "pagerfanta/pagerfanta",
            "version": "v1.0.5",
            "source": {
                "type": "git",
                "url": "https://github.com/whiteoctober/Pagerfanta.git",
                "reference": "29aade64addfdfb12c05aabf160f09d1aea6b143"
            },
            "dist": {
                "type": "zip",
                "url": "https://api.github.com/repos/whiteoctober/Pagerfanta/zipball/29aade64addfdfb12c05aabf160f09d1aea6b143",
                "reference": "29aade64addfdfb12c05aabf160f09d1aea6b143",
                "shasum": ""
            },
            "require": {
                "php": ">=5.3.0"
            },
            "require-dev": {
                "doctrine/orm": "~2.3",
                "doctrine/phpcr-odm": "1.*",
                "jackalope/jackalope-doctrine-dbal": "1.*",
                "jmikola/geojson": "~1.0",
                "mandango/mandango": "~1.0@dev",
                "mandango/mondator": "~1.0@dev",
                "phpunit/phpunit": "~4 | ~5",
                "propel/propel": "~2.0@dev",
                "propel/propel1": "~1.6",
                "ruflin/elastica": "~1.3",
                "solarium/solarium": "~3.1"
            },
            "suggest": {
                "doctrine/mongodb-odm": "To use the DoctrineODMMongoDBAdapter.",
                "doctrine/orm": "To use the DoctrineORMAdapter.",
                "doctrine/phpcr-odm": "To use the DoctrineODMPhpcrAdapter. >= 1.1.0",
                "mandango/mandango": "To use the MandangoAdapter.",
                "propel/propel": "To use the Propel2Adapter",
                "propel/propel1": "To use the PropelAdapter",
                "solarium/solarium": "To use the SolariumAdapter."
            },
            "type": "library",
            "extra": {
                "branch-alias": {
                    "dev-master": "1.0.x-dev"
                }
            },
            "autoload": {
                "psr-0": {
                    "Pagerfanta\\": "src/"
                }
            },
            "license": [
                "MIT"
            ],
            "authors": [
                {
                    "name": "Pablo Díez",
                    "email": "pablodip@gmail.com"
                }
            ],
            "description": "Pagination for PHP 5.3",
            "keywords": [
                "page",
                "pagination",
                "paginator",
                "paging"
            ],
            "support": {
                "source": "https://github.com/whiteoctober/Pagerfanta/tree/v1.0.5",
                "issues": "https://github.com/whiteoctober/Pagerfanta/issues"
            },
            "time": "2017-03-20T13:46:15+00:00"
        },
        {
            "name": "paragonie/random_compat",
            "version": "v2.0.10",
            "source": {
                "type": "git",
                "url": "https://github.com/paragonie/random_compat.git",
                "reference": "634bae8e911eefa89c1abfbf1b66da679ac8f54d"
            },
            "dist": {
                "type": "zip",
                "url": "https://api.github.com/repos/paragonie/random_compat/zipball/634bae8e911eefa89c1abfbf1b66da679ac8f54d",
                "reference": "634bae8e911eefa89c1abfbf1b66da679ac8f54d",
                "shasum": ""
            },
            "require": {
                "php": ">=5.2.0"
            },
            "require-dev": {
                "phpunit/phpunit": "4.*|5.*"
            },
            "suggest": {
                "ext-libsodium": "Provides a modern crypto API that can be used to generate random bytes."
            },
            "type": "library",
            "autoload": {
                "files": [
                    "lib/random.php"
                ]
            },
            "license": [
                "MIT"
            ],
            "authors": [
                {
                    "name": "Paragon Initiative Enterprises",
                    "email": "security@paragonie.com",
                    "homepage": "https://paragonie.com"
                }
            ],
            "description": "PHP 5.x polyfill for random_bytes() and random_int() from PHP 7",
            "keywords": [
                "csprng",
                "pseudorandom",
                "random"
            ],
            "support": {
                "issues": "https://github.com/paragonie/random_compat/issues",
                "email": "info@paragonie.com",
                "source": "https://github.com/paragonie/random_compat"
            },
            "time": "2017-03-13T16:27:32+00:00"
        },
        {
            "name": "ramsey/uuid",
            "version": "3.6.1",
            "source": {
                "type": "git",
                "url": "https://github.com/ramsey/uuid.git",
                "reference": "4ae32dd9ab8860a4bbd750ad269cba7f06f7934e"
            },
            "dist": {
                "type": "zip",
                "url": "https://api.github.com/repos/ramsey/uuid/zipball/4ae32dd9ab8860a4bbd750ad269cba7f06f7934e",
                "reference": "4ae32dd9ab8860a4bbd750ad269cba7f06f7934e",
                "shasum": ""
            },
            "require": {
                "paragonie/random_compat": "^1.0|^2.0",
                "php": "^5.4 || ^7.0"
            },
            "replace": {
                "rhumsaa/uuid": "self.version"
            },
            "require-dev": {
                "apigen/apigen": "^4.1",
                "codeception/aspect-mock": "^1.0 | ^2.0",
                "doctrine/annotations": "~1.2.0",
                "goaop/framework": "1.0.0-alpha.2 | ^1.0 | ^2.1",
                "ircmaxell/random-lib": "^1.1",
                "jakub-onderka/php-parallel-lint": "^0.9.0",
                "mockery/mockery": "^0.9.4",
                "moontoast/math": "^1.1",
                "php-mock/php-mock-phpunit": "^0.3|^1.1",
                "phpunit/phpunit": "^4.7|>=5.0 <5.4",
                "satooshi/php-coveralls": "^0.6.1",
                "squizlabs/php_codesniffer": "^2.3"
            },
            "suggest": {
                "ext-libsodium": "Provides the PECL libsodium extension for use with the SodiumRandomGenerator",
                "ext-uuid": "Provides the PECL UUID extension for use with the PeclUuidTimeGenerator and PeclUuidRandomGenerator",
                "ircmaxell/random-lib": "Provides RandomLib for use with the RandomLibAdapter",
                "moontoast/math": "Provides support for converting UUID to 128-bit integer (in string form).",
                "ramsey/uuid-console": "A console application for generating UUIDs with ramsey/uuid",
                "ramsey/uuid-doctrine": "Allows the use of Ramsey\\Uuid\\Uuid as Doctrine field type."
            },
            "type": "library",
            "extra": {
                "branch-alias": {
                    "dev-master": "3.x-dev"
                }
            },
            "autoload": {
                "psr-4": {
                    "Ramsey\\Uuid\\": "src/"
                }
            },
            "autoload-dev": {
                "psr-4": {
                    "Ramsey\\Uuid\\Test\\": "tests/"
                }
            },
            "scripts": {
                "lint": [
                    "parallel-lint src tests"
                ],
                "phpunit": [
                    "phpunit --verbose --colors=always"
                ],
                "phpcs": [
                    "phpcs src tests --standard=psr2 -sp --colors"
                ],
                "test": [
                    "@lint",
                    "@phpunit",
                    "@phpcs"
                ],
                "build-docs": [
                    "apigen generate --source='src' --destination='build/apidocs' --template-theme='bootstrap' --deprecated --todo"
                ]
            },
            "license": [
                "MIT"
            ],
            "authors": [
                {
                    "name": "Ben Ramsey",
                    "email": "ben@benramsey.com",
                    "homepage": "https://benramsey.com"
                },
                {
                    "name": "Marijn Huizendveld",
                    "email": "marijn.huizendveld@gmail.com"
                },
                {
                    "name": "Thibaud Fabre",
                    "email": "thibaud@aztech.io"
                }
            ],
            "description": "Formerly rhumsaa/uuid. A PHP 5.4+ library for generating RFC 4122 version 1, 3, 4, and 5 universally unique identifiers (UUID).",
            "homepage": "https://github.com/ramsey/uuid",
            "keywords": [
                "guid",
                "identifier",
                "uuid"
            ],
            "support": {
                "issues": "https://github.com/ramsey/uuid/issues",
                "source": "https://github.com/ramsey/uuid"
            },
            "time": "2017-03-26T20:37:53+00:00"
        }
    ],
    "packages-dev": [],
    "aliases": [],
    "minimum-stability": "stable",
    "stability-flags": {
        "bolt/boltforms": 10,
        "bolt/members": 10
    },
    "prefer-stable": true,
    "prefer-lowest": false,
    "platform": [],
    "platform-dev": []
}
